// !$*UTF8*$!
{
	archiveVersion = 1;
	classes = {
	};
	objectVersion = 50;
	objects = {

/* Begin PBXBuildFile section */
		E3469BF025079859005A6696 /* RProgressView.framework in Frameworks */ = {isa = PBXBuildFile; fileRef = E3469BE625079859005A6696 /* RProgressView.framework */; };
		E3469BF525079859005A6696 /* RProgressViewTests.swift in Sources */ = {isa = PBXBuildFile; fileRef = E3469BF425079859005A6696 /* RProgressViewTests.swift */; };
		E3469BF725079859005A6696 /* RProgressView.h in Headers */ = {isa = PBXBuildFile; fileRef = E3469BE925079859005A6696 /* RProgressView.h */; settings = {ATTRIBUTES = (Public, ); }; };
		E3469C022507986D005A6696 /* RProgressView.swift in Sources */ = {isa = PBXBuildFile; fileRef = E3469C002507986D005A6696 /* RProgressView.swift */; };
		E3469C032507986D005A6696 /* CALayer+Extension.swift in Sources */ = {isa = PBXBuildFile; fileRef = E3469C012507986D005A6696 /* CALayer+Extension.swift */; };
		E3469C0B25079888005A6696 /* AppDelegate.swift in Sources */ = {isa = PBXBuildFile; fileRef = E3469C0A25079888005A6696 /* AppDelegate.swift */; };
		E3469C0D25079888005A6696 /* SceneDelegate.swift in Sources */ = {isa = PBXBuildFile; fileRef = E3469C0C25079888005A6696 /* SceneDelegate.swift */; };
		E3469C0F25079888005A6696 /* ViewController.swift in Sources */ = {isa = PBXBuildFile; fileRef = E3469C0E25079888005A6696 /* ViewController.swift */; };
		E3469C1225079888005A6696 /* Main.storyboard in Resources */ = {isa = PBXBuildFile; fileRef = E3469C1025079888005A6696 /* Main.storyboard */; };
		E3469C142507988A005A6696 /* Assets.xcassets in Resources */ = {isa = PBXBuildFile; fileRef = E3469C132507988A005A6696 /* Assets.xcassets */; };
		E3469C172507988A005A6696 /* LaunchScreen.storyboard in Resources */ = {isa = PBXBuildFile; fileRef = E3469C152507988A005A6696 /* LaunchScreen.storyboard */; };
		E3469C3B25079899005A6696 /* YAPLayout.swift in Sources */ = {isa = PBXBuildFile; fileRef = E3469C3925079899005A6696 /* YAPLayout.swift */; };
		E3469C3C25079899005A6696 /* YAPLayoutAttributes.swift in Sources */ = {isa = PBXBuildFile; fileRef = E3469C3A25079899005A6696 /* YAPLayoutAttributes.swift */; };
		E3469C3E250798BA005A6696 /* UIStackViewFactory.swift in Sources */ = {isa = PBXBuildFile; fileRef = E3469C3D250798BA005A6696 /* UIStackViewFactory.swift */; };
/* End PBXBuildFile section */

/* Begin PBXContainerItemProxy section */
		E3469BF125079859005A6696 /* PBXContainerItemProxy */ = {
			isa = PBXContainerItemProxy;
			containerPortal = E3469BDD25079859005A6696 /* Project object */;
			proxyType = 1;
			remoteGlobalIDString = E3469BE525079859005A6696;
			remoteInfo = RProgressView;
		};
/* End PBXContainerItemProxy section */

/* Begin PBXFileReference section */
		E3469BE625079859005A6696 /* RProgressView.framework */ = {isa = PBXFileReference; explicitFileType = wrapper.framework; includeInIndex = 0; path = RProgressView.framework; sourceTree = BUILT_PRODUCTS_DIR; };
		E3469BE925079859005A6696 /* RProgressView.h */ = {isa = PBXFileReference; lastKnownFileType = sourcecode.c.h; path = RProgressView.h; sourceTree = "<group>"; };
		E3469BEA25079859005A6696 /* Info.plist */ = {isa = PBXFileReference; lastKnownFileType = text.plist.xml; path = Info.plist; sourceTree = "<group>"; };
		E3469BEF25079859005A6696 /* RProgressViewTests.xctest */ = {isa = PBXFileReference; explicitFileType = wrapper.cfbundle; includeInIndex = 0; path = RProgressViewTests.xctest; sourceTree = BUILT_PRODUCTS_DIR; };
		E3469BF425079859005A6696 /* RProgressViewTests.swift */ = {isa = PBXFileReference; lastKnownFileType = sourcecode.swift; path = RProgressViewTests.swift; sourceTree = "<group>"; };
		E3469BF625079859005A6696 /* Info.plist */ = {isa = PBXFileReference; lastKnownFileType = text.plist.xml; path = Info.plist; sourceTree = "<group>"; };
		E3469C002507986D005A6696 /* RProgressView.swift */ = {isa = PBXFileReference; fileEncoding = 4; lastKnownFileType = sourcecode.swift; path = RProgressView.swift; sourceTree = "<group>"; };
		E3469C012507986D005A6696 /* CALayer+Extension.swift */ = {isa = PBXFileReference; fileEncoding = 4; lastKnownFileType = sourcecode.swift; path = "CALayer+Extension.swift"; sourceTree = "<group>"; };
		E3469C0825079888005A6696 /* Demo.app */ = {isa = PBXFileReference; explicitFileType = wrapper.application; includeInIndex = 0; path = Demo.app; sourceTree = BUILT_PRODUCTS_DIR; };
		E3469C0A25079888005A6696 /* AppDelegate.swift */ = {isa = PBXFileReference; lastKnownFileType = sourcecode.swift; path = AppDelegate.swift; sourceTree = "<group>"; };
		E3469C0C25079888005A6696 /* SceneDelegate.swift */ = {isa = PBXFileReference; lastKnownFileType = sourcecode.swift; path = SceneDelegate.swift; sourceTree = "<group>"; };
		E3469C0E25079888005A6696 /* ViewController.swift */ = {isa = PBXFileReference; lastKnownFileType = sourcecode.swift; path = ViewController.swift; sourceTree = "<group>"; };
		E3469C1125079888005A6696 /* Base */ = {isa = PBXFileReference; lastKnownFileType = file.storyboard; name = Base; path = Base.lproj/Main.storyboard; sourceTree = "<group>"; };
		E3469C132507988A005A6696 /* Assets.xcassets */ = {isa = PBXFileReference; lastKnownFileType = folder.assetcatalog; path = Assets.xcassets; sourceTree = "<group>"; };
		E3469C162507988A005A6696 /* Base */ = {isa = PBXFileReference; lastKnownFileType = file.storyboard; name = Base; path = Base.lproj/LaunchScreen.storyboard; sourceTree = "<group>"; };
		E3469C182507988A005A6696 /* Info.plist */ = {isa = PBXFileReference; lastKnownFileType = text.plist.xml; path = Info.plist; sourceTree = "<group>"; };
		E3469C3925079899005A6696 /* YAPLayout.swift */ = {isa = PBXFileReference; fileEncoding = 4; lastKnownFileType = sourcecode.swift; path = YAPLayout.swift; sourceTree = "<group>"; };
		E3469C3A25079899005A6696 /* YAPLayoutAttributes.swift */ = {isa = PBXFileReference; fileEncoding = 4; lastKnownFileType = sourcecode.swift; path = YAPLayoutAttributes.swift; sourceTree = "<group>"; };
		E3469C3D250798BA005A6696 /* UIStackViewFactory.swift */ = {isa = PBXFileReference; fileEncoding = 4; lastKnownFileType = sourcecode.swift; path = UIStackViewFactory.swift; sourceTree = "<group>"; };
/* End PBXFileReference section */

/* Begin PBXFrameworksBuildPhase section */
		E3469BE325079859005A6696 /* Frameworks */ = {
			isa = PBXFrameworksBuildPhase;
			buildActionMask = 2147483647;
			files = (
			);
			runOnlyForDeploymentPostprocessing = 0;
		};
		E3469BEC25079859005A6696 /* Frameworks */ = {
			isa = PBXFrameworksBuildPhase;
			buildActionMask = 2147483647;
			files = (
				E3469BF025079859005A6696 /* RProgressView.framework in Frameworks */,
			);
			runOnlyForDeploymentPostprocessing = 0;
		};
		E3469C0525079888005A6696 /* Frameworks */ = {
			isa = PBXFrameworksBuildPhase;
			buildActionMask = 2147483647;
			files = (
			);
			runOnlyForDeploymentPostprocessing = 0;
		};
/* End PBXFrameworksBuildPhase section */

/* Begin PBXGroup section */
		E3469BDC25079859005A6696 = {
			isa = PBXGroup;
			children = (
				E3469BE825079859005A6696 /* RProgressView */,
				E3469BF325079859005A6696 /* RProgressViewTests */,
				E3469C0925079888005A6696 /* Demo */,
				E3469BE725079859005A6696 /* Products */,
			);
			sourceTree = "<group>";
		};
		E3469BE725079859005A6696 /* Products */ = {
			isa = PBXGroup;
			children = (
				E3469BE625079859005A6696 /* RProgressView.framework */,
				E3469BEF25079859005A6696 /* RProgressViewTests.xctest */,
				E3469C0825079888005A6696 /* Demo.app */,
			);
			name = Products;
			sourceTree = "<group>";
		};
		E3469BE825079859005A6696 /* RProgressView */ = {
			isa = PBXGroup;
			children = (
				E3469BE925079859005A6696 /* RProgressView.h */,
				E3469C012507986D005A6696 /* CALayer+Extension.swift */,
				E3469C002507986D005A6696 /* RProgressView.swift */,
				E3469BEA25079859005A6696 /* Info.plist */,
			);
			path = RProgressView;
			sourceTree = "<group>";
		};
		E3469BF325079859005A6696 /* RProgressViewTests */ = {
			isa = PBXGroup;
			children = (
				E3469BF425079859005A6696 /* RProgressViewTests.swift */,
				E3469BF625079859005A6696 /* Info.plist */,
			);
			path = RProgressViewTests;
			sourceTree = "<group>";
		};
		E3469C0925079888005A6696 /* Demo */ = {
			isa = PBXGroup;
			children = (
				E3469C3825079899005A6696 /* JDLayout */,
				E3469C0A25079888005A6696 /* AppDelegate.swift */,
				E3469C0C25079888005A6696 /* SceneDelegate.swift */,
				E3469C0E25079888005A6696 /* ViewController.swift */,
				E3469C3D250798BA005A6696 /* UIStackViewFactory.swift */,
				E3469C1025079888005A6696 /* Main.storyboard */,
				E3469C132507988A005A6696 /* Assets.xcassets */,
				E3469C152507988A005A6696 /* LaunchScreen.storyboard */,
				E3469C182507988A005A6696 /* Info.plist */,
			);
			path = Demo;
			sourceTree = "<group>";
		};
		E3469C3825079899005A6696 /* JDLayout */ = {
			isa = PBXGroup;
			children = (
				E3469C3925079899005A6696 /* YAPLayout.swift */,
				E3469C3A25079899005A6696 /* YAPLayoutAttributes.swift */,
			);
			path = JDLayout;
			sourceTree = "<group>";
		};
/* End PBXGroup section */

/* Begin PBXHeadersBuildPhase section */
		E3469BE125079859005A6696 /* Headers */ = {
			isa = PBXHeadersBuildPhase;
			buildActionMask = 2147483647;
			files = (
				E3469BF725079859005A6696 /* RProgressView.h in Headers */,
			);
			runOnlyForDeploymentPostprocessing = 0;
		};
/* End PBXHeadersBuildPhase section */

/* Begin PBXNativeTarget section */
		E3469BE525079859005A6696 /* RProgressView */ = {
			isa = PBXNativeTarget;
			buildConfigurationList = E3469BFA25079859005A6696 /* Build configuration list for PBXNativeTarget "RProgressView" */;
			buildPhases = (
				E3469BE125079859005A6696 /* Headers */,
				E3469BE225079859005A6696 /* Sources */,
				E3469BE325079859005A6696 /* Frameworks */,
				E3469BE425079859005A6696 /* Resources */,
			);
			buildRules = (
			);
			dependencies = (
			);
			name = RProgressView;
			productName = RProgressView;
			productReference = E3469BE625079859005A6696 /* RProgressView.framework */;
			productType = "com.apple.product-type.framework";
		};
		E3469BEE25079859005A6696 /* RProgressViewTests */ = {
			isa = PBXNativeTarget;
			buildConfigurationList = E3469BFD25079859005A6696 /* Build configuration list for PBXNativeTarget "RProgressViewTests" */;
			buildPhases = (
				E3469BEB25079859005A6696 /* Sources */,
				E3469BEC25079859005A6696 /* Frameworks */,
				E3469BED25079859005A6696 /* Resources */,
			);
			buildRules = (
			);
			dependencies = (
				E3469BF225079859005A6696 /* PBXTargetDependency */,
			);
			name = RProgressViewTests;
			productName = RProgressViewTests;
			productReference = E3469BEF25079859005A6696 /* RProgressViewTests.xctest */;
			productType = "com.apple.product-type.bundle.unit-test";
		};
		E3469C0725079888005A6696 /* Demo */ = {
			isa = PBXNativeTarget;
			buildConfigurationList = E3469C2F2507988A005A6696 /* Build configuration list for PBXNativeTarget "Demo" */;
			buildPhases = (
				E3469C0425079888005A6696 /* Sources */,
				E3469C0525079888005A6696 /* Frameworks */,
				E3469C0625079888005A6696 /* Resources */,
			);
			buildRules = (
			);
			dependencies = (
			);
			name = Demo;
			productName = Demo;
			productReference = E3469C0825079888005A6696 /* Demo.app */;
			productType = "com.apple.product-type.application";
		};
/* End PBXNativeTarget section */

/* Begin PBXProject section */
		E3469BDD25079859005A6696 /* Project object */ = {
			isa = PBXProject;
			attributes = {
				LastSwiftUpdateCheck = 1140;
				LastUpgradeCheck = 1140;
				ORGANIZATIONNAME = "Jawad Ali";
				TargetAttributes = {
					E3469BE525079859005A6696 = {
						CreatedOnToolsVersion = 11.4;
						LastSwiftMigration = 1140;
					};
					E3469BEE25079859005A6696 = {
						CreatedOnToolsVersion = 11.4;
					};
					E3469C0725079888005A6696 = {
						CreatedOnToolsVersion = 11.4;
					};
				};
			};
			buildConfigurationList = E3469BE025079859005A6696 /* Build configuration list for PBXProject "RProgressView" */;
			compatibilityVersion = "Xcode 9.3";
			developmentRegion = en;
			hasScannedForEncodings = 0;
			knownRegions = (
				en,
				Base,
			);
			mainGroup = E3469BDC25079859005A6696;
			productRefGroup = E3469BE725079859005A6696 /* Products */;
			projectDirPath = "";
			projectRoot = "";
			targets = (
				E3469BE525079859005A6696 /* RProgressView */,
				E3469BEE25079859005A6696 /* RProgressViewTests */,
				E3469C0725079888005A6696 /* Demo */,
			);
		};
/* End PBXProject section */

/* Begin PBXResourcesBuildPhase section */
		E3469BE425079859005A6696 /* Resources */ = {
			isa = PBXResourcesBuildPhase;
			buildActionMask = 2147483647;
			files = (
			);
			runOnlyForDeploymentPostprocessing = 0;
		};
		E3469BED25079859005A6696 /* Resources */ = {
			isa = PBXResourcesBuildPhase;
			buildActionMask = 2147483647;
			files = (
			);
			runOnlyForDeploymentPostprocessing = 0;
		};
		E3469C0625079888005A6696 /* Resources */ = {
			isa = PBXResourcesBuildPhase;
			buildActionMask = 2147483647;
			files = (
				E3469C172507988A005A6696 /* LaunchScreen.storyboard in Resources */,
				E3469C142507988A005A6696 /* Assets.xcassets in Resources */,
				E3469C1225079888005A6696 /* Main.storyboard in Resources */,
			);
			runOnlyForDeploymentPostprocessing = 0;
		};
/* End PBXResourcesBuildPhase section */

/* Begin PBXSourcesBuildPhase section */
		E3469BE225079859005A6696 /* Sources */ = {
			isa = PBXSourcesBuildPhase;
			buildActionMask = 2147483647;
			files = (
				E3469C022507986D005A6696 /* RProgressView.swift in Sources */,
				E3469C032507986D005A6696 /* CALayer+Extension.swift in Sources */,
			);
			runOnlyForDeploymentPostprocessing = 0;
		};
		E3469BEB25079859005A6696 /* Sources */ = {
			isa = PBXSourcesBuildPhase;
			buildActionMask = 2147483647;
			files = (
				E3469BF525079859005A6696 /* RProgressViewTests.swift in Sources */,
			);
			runOnlyForDeploymentPostprocessing = 0;
		};
		E3469C0425079888005A6696 /* Sources */ = {
			isa = PBXSourcesBuildPhase;
			buildActionMask = 2147483647;
			files = (
				E3469C3C25079899005A6696 /* YAPLayoutAttributes.swift in Sources */,
				E3469C0F25079888005A6696 /* ViewController.swift in Sources */,
				E3469C3E250798BA005A6696 /* UIStackViewFactory.swift in Sources */,
				E3469C0B25079888005A6696 /* AppDelegate.swift in Sources */,
				E3469C3B25079899005A6696 /* YAPLayout.swift in Sources */,
				E3469C0D25079888005A6696 /* SceneDelegate.swift in Sources */,
			);
			runOnlyForDeploymentPostprocessing = 0;
		};
/* End PBXSourcesBuildPhase section */

/* Begin PBXTargetDependency section */
		E3469BF225079859005A6696 /* PBXTargetDependency */ = {
			isa = PBXTargetDependency;
			target = E3469BE525079859005A6696 /* RProgressView */;
			targetProxy = E3469BF125079859005A6696 /* PBXContainerItemProxy */;
		};
/* End PBXTargetDependency section */

/* Begin PBXVariantGroup section */
		E3469C1025079888005A6696 /* Main.storyboard */ = {
			isa = PBXVariantGroup;
			children = (
				E3469C1125079888005A6696 /* Base */,
			);
			name = Main.storyboard;
			sourceTree = "<group>";
		};
		E3469C152507988A005A6696 /* LaunchScreen.storyboard */ = {
			isa = PBXVariantGroup;
			children = (
				E3469C162507988A005A6696 /* Base */,
			);
			name = LaunchScreen.storyboard;
			sourceTree = "<group>";
		};
/* End PBXVariantGroup section */

/* Begin XCBuildConfiguration section */
		E3469BF825079859005A6696 /* Debug */ = {
			isa = XCBuildConfiguration;
			buildSettings = {
				ALWAYS_SEARCH_USER_PATHS = NO;
				CLANG_ANALYZER_NONNULL = YES;
				CLANG_ANALYZER_NUMBER_OBJECT_CONVERSION = YES_AGGRESSIVE;
				CLANG_CXX_LANGUAGE_STANDARD = "gnu++14";
				CLANG_CXX_LIBRARY = "libc++";
				CLANG_ENABLE_MODULES = YES;
				CLANG_ENABLE_OBJC_ARC = YES;
				CLANG_ENABLE_OBJC_WEAK = YES;
				CLANG_WARN_BLOCK_CAPTURE_AUTORELEASING = YES;
				CLANG_WARN_BOOL_CONVERSION = YES;
				CLANG_WARN_COMMA = YES;
				CLANG_WARN_CONSTANT_CONVERSION = YES;
				CLANG_WARN_DEPRECATED_OBJC_IMPLEMENTATIONS = YES;
				CLANG_WARN_DIRECT_OBJC_ISA_USAGE = YES_ERROR;
				CLANG_WARN_DOCUMENTATION_COMMENTS = YES;
				CLANG_WARN_EMPTY_BODY = YES;
				CLANG_WARN_ENUM_CONVERSION = YES;
				CLANG_WARN_INFINITE_RECURSION = YES;
				CLANG_WARN_INT_CONVERSION = YES;
				CLANG_WARN_NON_LITERAL_NULL_CONVERSION = YES;
				CLANG_WARN_OBJC_IMPLICIT_RETAIN_SELF = YES;
				CLANG_WARN_OBJC_LITERAL_CONVERSION = YES;
				CLANG_WARN_OBJC_ROOT_CLASS = YES_ERROR;
				CLANG_WARN_RANGE_LOOP_ANALYSIS = YES;
				CLANG_WARN_STRICT_PROTOTYPES = YES;
				CLANG_WARN_SUSPICIOUS_MOVE = YES;
				CLANG_WARN_UNGUARDED_AVAILABILITY = YES_AGGRESSIVE;
				CLANG_WARN_UNREACHABLE_CODE = YES;
				CLANG_WARN__DUPLICATE_METHOD_MATCH = YES;
				COPY_PHASE_STRIP = NO;
				CURRENT_PROJECT_VERSION = 1;
				DEBUG_INFORMATION_FORMAT = dwarf;
				ENABLE_STRICT_OBJC_MSGSEND = YES;
				ENABLE_TESTABILITY = YES;
				GCC_C_LANGUAGE_STANDARD = gnu11;
				GCC_DYNAMIC_NO_PIC = NO;
				GCC_NO_COMMON_BLOCKS = YES;
				GCC_OPTIMIZATION_LEVEL = 0;
				GCC_PREPROCESSOR_DEFINITIONS = (
					"DEBUG=1",
					"$(inherited)",
				);
				GCC_WARN_64_TO_32_BIT_CONVERSION = YES;
				GCC_WARN_ABOUT_RETURN_TYPE = YES_ERROR;
				GCC_WARN_UNDECLARED_SELECTOR = YES;
				GCC_WARN_UNINITIALIZED_AUTOS = YES_AGGRESSIVE;
				GCC_WARN_UNUSED_FUNCTION = YES;
				GCC_WARN_UNUSED_VARIABLE = YES;
				IPHONEOS_DEPLOYMENT_TARGET = 13.0;
				MTL_ENABLE_DEBUG_INFO = INCLUDE_SOURCE;
				MTL_FAST_MATH = YES;
				ONLY_ACTIVE_ARCH = YES;
				SDKROOT = iphoneos;
				SWIFT_ACTIVE_COMPILATION_CONDITIONS = DEBUG;
				SWIFT_OPTIMIZATION_LEVEL = "-Onone";
				VERSIONING_SYSTEM = "apple-generic";
				VERSION_INFO_PREFIX = "";
			};
			name = Debug;
		};
		E3469BF925079859005A6696 /* Release */ = {
			isa = XCBuildConfiguration;
			buildSettings = {
				ALWAYS_SEARCH_USER_PATHS = NO;
				CLANG_ANALYZER_NONNULL = YES;
				CLANG_ANALYZER_NUMBER_OBJECT_CONVERSION = YES_AGGRESSIVE;
				CLANG_CXX_LANGUAGE_STANDARD = "gnu++14";
				CLANG_CXX_LIBRARY = "libc++";
				CLANG_ENABLE_MODULES = YES;
				CLANG_ENABLE_OBJC_ARC = YES;
				CLANG_ENABLE_OBJC_WEAK = YES;
				CLANG_WARN_BLOCK_CAPTURE_AUTORELEASING = YES;
				CLANG_WARN_BOOL_CONVERSION = YES;
				CLANG_WARN_COMMA = YES;
				CLANG_WARN_CONSTANT_CONVERSION = YES;
				CLANG_WARN_DEPRECATED_OBJC_IMPLEMENTATIONS = YES;
				CLANG_WARN_DIRECT_OBJC_ISA_USAGE = YES_ERROR;
				CLANG_WARN_DOCUMENTATION_COMMENTS = YES;
				CLANG_WARN_EMPTY_BODY = YES;
				CLANG_WARN_ENUM_CONVERSION = YES;
				CLANG_WARN_INFINITE_RECURSION = YES;
				CLANG_WARN_INT_CONVERSION = YES;
				CLANG_WARN_NON_LITERAL_NULL_CONVERSION = YES;
				CLANG_WARN_OBJC_IMPLICIT_RETAIN_SELF = YES;
				CLANG_WARN_OBJC_LITERAL_CONVERSION = YES;
				CLANG_WARN_OBJC_ROOT_CLASS = YES_ERROR;
				CLANG_WARN_RANGE_LOOP_ANALYSIS = YES;
				CLANG_WARN_STRICT_PROTOTYPES = YES;
				CLANG_WARN_SUSPICIOUS_MOVE = YES;
				CLANG_WARN_UNGUARDED_AVAILABILITY = YES_AGGRESSIVE;
				CLANG_WARN_UNREACHABLE_CODE = YES;
				CLANG_WARN__DUPLICATE_METHOD_MATCH = YES;
				COPY_PHASE_STRIP = NO;
				CURRENT_PROJECT_VERSION = 1;
				DEBUG_INFORMATION_FORMAT = "dwarf-with-dsym";
				ENABLE_NS_ASSERTIONS = NO;
				ENABLE_STRICT_OBJC_MSGSEND = YES;
				GCC_C_LANGUAGE_STANDARD = gnu11;
				GCC_NO_COMMON_BLOCKS = YES;
				GCC_WARN_64_TO_32_BIT_CONVERSION = YES;
				GCC_WARN_ABOUT_RETURN_TYPE = YES_ERROR;
				GCC_WARN_UNDECLARED_SELECTOR = YES;
				GCC_WARN_UNINITIALIZED_AUTOS = YES_AGGRESSIVE;
				GCC_WARN_UNUSED_FUNCTION = YES;
				GCC_WARN_UNUSED_VARIABLE = YES;
				IPHONEOS_DEPLOYMENT_TARGET = 13.0;
				MTL_ENABLE_DEBUG_INFO = NO;
				MTL_FAST_MATH = YES;
				SDKROOT = iphoneos;
				SWIFT_COMPILATION_MODE = wholemodule;
				SWIFT_OPTIMIZATION_LEVEL = "-O";
				VALIDATE_PRODUCT = YES;
				VERSIONING_SYSTEM = "apple-generic";
				VERSION_INFO_PREFIX = "";
			};
			name = Release;
		};
		E3469BFB25079859005A6696 /* Debug */ = {
			isa = XCBuildConfiguration;
			buildSettings = {
				CLANG_ENABLE_MODULES = YES;
				CODE_SIGN_INJECT_BASE_ENTITLEMENTS = NO;
				CODE_SIGN_STYLE = Automatic;
				DEFINES_MODULE = YES;
				DEVELOPMENT_TEAM = 7VBQS7JDYT;
				DYLIB_COMPATIBILITY_VERSION = 1;
				DYLIB_CURRENT_VERSION = 1;
				DYLIB_INSTALL_NAME_BASE = "@rpath";
				INFOPLIST_FILE = RProgressView/Info.plist;
				INSTALL_PATH = "$(LOCAL_LIBRARY_DIR)/Frameworks";
				LD_RUNPATH_SEARCH_PATHS = (
					"$(inherited)",
					"@executable_path/Frameworks",
					"@loader_path/Frameworks",
				);
				PRODUCT_BUNDLE_IDENTIFIER = XeroT.RProgressView;
				PRODUCT_NAME = "$(TARGET_NAME:c99extidentifier)";
				SKIP_INSTALL = YES;
				SWIFT_OPTIMIZATION_LEVEL = "-Onone";
				SWIFT_VERSION = 5.0;
				TARGETED_DEVICE_FAMILY = "1,2";
			};
			name = Debug;
		};
		E3469BFC25079859005A6696 /* Release */ = {
			isa = XCBuildConfiguration;
			buildSettings = {
				CLANG_ENABLE_MODULES = YES;
				CODE_SIGN_INJECT_BASE_ENTITLEMENTS = NO;
				CODE_SIGN_STYLE = Automatic;
				DEFINES_MODULE = YES;
				DEVELOPMENT_TEAM = 7VBQS7JDYT;
				DYLIB_COMPATIBILITY_VERSION = 1;
				DYLIB_CURRENT_VERSION = 1;
				DYLIB_INSTALL_NAME_BASE = "@rpath";
				INFOPLIST_FILE = RProgressView/Info.plist;
				INSTALL_PATH = "$(LOCAL_LIBRARY_DIR)/Frameworks";
				LD_RUNPATH_SEARCH_PATHS = (
					"$(inherited)",
					"@executable_path/Frameworks",
					"@loader_path/Frameworks",
				);
				PRODUCT_BUNDLE_IDENTIFIER = XeroT.RProgressView;
				PRODUCT_NAME = "$(TARGET_NAME:c99extidentifier)";
				SKIP_INSTALL = YES;
				SWIFT_VERSION = 5.0;
				TARGETED_DEVICE_FAMILY = "1,2";
			};
			name = Release;
		};
		E3469BFE25079859005A6696 /* Debug */ = {
			isa = XCBuildConfiguration;
			buildSettings = {
				ALWAYS_EMBED_SWIFT_STANDARD_LIBRARIES = YES;
				CODE_SIGN_STYLE = Automatic;
				DEVELOPMENT_TEAM = 7VBQS7JDYT;
				INFOPLIST_FILE = RProgressViewTests/Info.plist;
				LD_RUNPATH_SEARCH_PATHS = (
					"$(inherited)",
					"@executable_path/Frameworks",
					"@loader_path/Frameworks",
				);
				PRODUCT_BUNDLE_IDENTIFIER = XeroT.RProgressViewTests;
				PRODUCT_NAME = "$(TARGET_NAME)";
				SWIFT_VERSION = 5.0;
				TARGETED_DEVICE_FAMILY = "1,2";
			};
			name = Debug;
		};
		E3469BFF25079859005A6696 /* Release */ = {
			isa = XCBuildConfiguration;
			buildSettings = {
				ALWAYS_EMBED_SWIFT_STANDARD_LIBRARIES = YES;
				CODE_SIGN_STYLE = Automatic;
				DEVELOPMENT_TEAM = 7VBQS7JDYT;
				INFOPLIST_FILE = RProgressViewTests/Info.plist;
				LD_RUNPATH_SEARCH_PATHS = (
					"$(inherited)",
					"@executable_path/Frameworks",
					"@loader_path/Frameworks",
				);
				PRODUCT_BUNDLE_IDENTIFIER = XeroT.RProgressViewTests;
				PRODUCT_NAME = "$(TARGET_NAME)";
				SWIFT_VERSION = 5.0;
				TARGETED_DEVICE_FAMILY = "1,2";
			};
			name = Release;
		};
		E3469C302507988A005A6696 /* Debug */ = {
			isa = XCBuildConfiguration;
			buildSettings = {
				ASSETCATALOG_COMPILER_APPICON_NAME = AppIcon;
				CODE_SIGN_STYLE = Automatic;
				DEVELOPMENT_TEAM = 7VBQS7JDYT;
				INFOPLIST_FILE = Demo/Info.plist;
				LD_RUNPATH_SEARCH_PATHS = (
					"$(inherited)",
					"@executable_path/Frameworks",
				);
				PRODUCT_BUNDLE_IDENTIFIER = XeroT.Demo;
				PRODUCT_NAME = "$(TARGET_NAME)";
				SWIFT_VERSION = 5.0;
				TARGETED_DEVICE_FAMILY = "1,2";
			};
			name = Debug;
		};
		E3469C312507988A005A6696 /* Release */ = {
			isa = XCBuildConfiguration;
			buildSettings = {
				ASSETCATALOG_COMPILER_APPICON_NAME = AppIcon;
				CODE_SIGN_STYLE = Automatic;
				DEVELOPMENT_TEAM = 7VBQS7JDYT;
				INFOPLIST_FILE = Demo/Info.plist;
				LD_RUNPATH_SEARCH_PATHS = (
					"$(inherited)",
					"@executable_path/Frameworks",
				);
				PRODUCT_BUNDLE_IDENTIFIER = XeroT.Demo;
				PRODUCT_NAME = "$(TARGET_NAME)";
				SWIFT_VERSION = 5.0;
				TARGETED_DEVICE_FAMILY = "1,2";
			};
			name = Release;
		};
/* End XCBuildConfiguration section */

/* Begin XCConfigurationList section */
		E3469BE025079859005A6696 /* Build configuration list for PBXProject "RProgressView" */ = {
			isa = XCConfigurationList;
			buildConfigurations = (
				E3469BF825079859005A6696 /* Debug */,
				E3469BF925079859005A6696 /* Release */,
			);
			defaultConfigurationIsVisible = 0;
			defaultConfigurationName = Release;
		};
		E3469BFA25079859005A6696 /* Build configuration list for PBXNativeTarget "RProgressView" */ = {
			isa = XCConfigurationList;
			buildConfigurations = (
				E3469BFB25079859005A6696 /* Debug */,
				E3469BFC25079859005A6696 /* Release */,
			);
			defaultConfigurationIsVisible = 0;
			defaultConfigurationName = Release;
		};
		E3469BFD25079859005A6696 /* Build configuration list for PBXNativeTarget "RProgressViewTests" */ = {
			isa = XCConfigurationList;
			buildConfigurations = (
				E3469BFE25079859005A6696 /* Debug */,
				E3469BFF25079859005A6696 /* Release */,
			);
			defaultConfigurationIsVisible = 0;
			defaultConfigurationName = Release;
		};
		E3469C2F2507988A005A6696 /* Build configuration list for PBXNativeTarget "Demo" */ = {
			isa = XCConfigurationList;
			buildConfigurations = (
				E3469C302507988A005A6696 /* Debug */,
				E3469C312507988A005A6696 /* Release */,
			);
			defaultConfigurationIsVisible = 0;
			defaultConfigurationName = Release;
		};
/* End XCConfigurationList section */
	};
	rootObject = E3469BDD25079859005A6696 /* Project object */;
}
